
Microsoft Visual Studio Solution File, Format Version 12.00
# Visual Studio Version 16
VisualStudioVersion = 16.0.810.8
MinimumVisualStudioVersion = 10.0.40219.1
Project("{FAE04EC0-301F-11D3-BF4B-00C04F79EFBC}") = "WeatherApp.Android", "WeatherApp.Android\WeatherApp.Android.csproj", "{8D5B82DD-948C-4B7F-8A71-110AF94B3BE4}"
EndProject
Project("{FAE04EC0-301F-11D3-BF4B-00C04F79EFBC}") = "WeatherApp.iOS", "WeatherApp.iOS\WeatherApp.iOS.csproj", "{6A058F86-CCA1-4363-8996-FF353E4D98F6}"
EndProject
Project("{FAE04EC0-301F-11D3-BF4B-00C04F79EFBC}") = "WeatherApp", "WeatherApp\WeatherApp.csproj", "{3ABA6EB9-6AFE-4781-ABF4-C86C1A48CDE6}"
EndProject
Global
	GlobalSection(SolutionConfigurationPlatforms) = preSolution
		Debug|Any CPU = Debug|Any CPU
		Release|Any CPU = Release|Any CPU
		Debug|iPhoneSimulator = Debug|iPhoneSimulator
		Release|iPhoneSimulator = Release|iPhoneSimulator
		Debug|iPhone = Debug|iPhone
		Release|iPhone = Release|iPhone
	EndGlobalSection
	GlobalSection(ProjectConfigurationPlatforms) = postSolution
		{8D5B82DD-948C-4B7F-8A71-110AF94B3BE4}.Debug|Any CPU.ActiveCfg = Debug|Any CPU
		{8D5B82DD-948C-4B7F-8A71-110AF94B3BE4}.Debug|Any CPU.Build.0 = Debug|Any CPU
		{8D5B82DD-948C-4B7F-8A71-110AF94B3BE4}.Release|Any CPU.ActiveCfg = Release|Any CPU
		{8D5B82DD-948C-4B7F-8A71-110AF94B3BE4}.Release|Any CPU.Build.0 = Release|Any CPU
		{8D5B82DD-948C-4B7F-8A71-110AF94B3BE4}.Debug|iPhoneSimulator.ActiveCfg = Debug|Any CPU
		{8D5B82DD-948C-4B7F-8A71-110AF94B3BE4}.Debug|iPhoneSimulator.Build.0 = Debug|Any CPU
		{8D5B82DD-948C-4B7F-8A71-110AF94B3BE4}.Release|iPhoneSimulator.ActiveCfg = Release|Any CPU
		{8D5B82DD-948C-4B7F-8A71-110AF94B3BE4}.Release|iPhoneSimulator.Build.0 = Release|Any CPU
		{8D5B82DD-948C-4B7F-8A71-110AF94B3BE4}.Debug|iPhone.ActiveCfg = Debug|Any CPU
		{8D5B82DD-948C-4B7F-8A71-110AF94B3BE4}.Debug|iPhone.Build.0 = Debug|Any CPU
		{8D5B82DD-948C-4B7F-8A71-110AF94B3BE4}.Release|iPhone.ActiveCfg = Release|Any CPU
		{8D5B82DD-948C-4B7F-8A71-110AF94B3BE4}.Release|iPhone.Build.0 = Release|Any CPU
		{6A058F86-CCA1-4363-8996-FF353E4D98F6}.Debug|Any CPU.ActiveCfg = Debug|iPhoneSimulator
		{6A058F86-CCA1-4363-8996-FF353E4D98F6}.Debug|Any CPU.Build.0 = Debug|iPhoneSimulator
		{6A058F86-CCA1-4363-8996-FF353E4D98F6}.Release|Any CPU.ActiveCfg = Release|iPhoneSimulator
		{6A058F86-CCA1-4363-8996-FF353E4D98F6}.Release|Any CPU.Build.0 = Release|iPhoneSimulator
		{6A058F86-CCA1-4363-8996-FF353E4D98F6}.Debug|iPhoneSimulator.ActiveCfg = Debug|iPhoneSimulator
		{6A058F86-CCA1-4363-8996-FF353E4D98F6}.Debug|iPhoneSimulator.Build.0 = Debug|iPhoneSimulator
		{6A058F86-CCA1-4363-8996-FF353E4D98F6}.Release|iPhoneSimulator.ActiveCfg = Release|iPhoneSimulator
		{6A058F86-CCA1-4363-8996-FF353E4D98F6}.Release|iPhoneSimulator.Build.0 = Release|iPhoneSimulator
		{6A058F86-CCA1-4363-8996-FF353E4D98F6}.Debug|iPhone.ActiveCfg = Debug|iPhone
		{6A058F86-CCA1-4363-8996-FF353E4D98F6}.Debug|iPhone.Build.0 = Debug|iPhone
		{6A058F86-CCA1-4363-8996-FF353E4D98F6}.Release|iPhone.ActiveCfg = Release|iPhone
		{6A058F86-CCA1-4363-8996-FF353E4D98F6}.Release|iPhone.Build.0 = Release|iPhone
		{3ABA6EB9-6AFE-4781-ABF4-C86C1A48CDE6}.Debug|Any CPU.ActiveCfg = Debug|Any CPU
		{3ABA6EB9-6AFE-4781-ABF4-C86C1A48CDE6}.Debug|Any CPU.Build.0 = Debug|Any CPU
		{3ABA6EB9-6AFE-4781-ABF4-C86C1A48CDE6}.Release|Any CPU.ActiveCfg = Release|Any CPU
		{3ABA6EB9-6AFE-4781-ABF4-C86C1A48CDE6}.Release|Any CPU.Build.0 = Release|Any CPU
		{3ABA6EB9-6AFE-4781-ABF4-C86C1A48CDE6}.Debug|iPhoneSimulator.ActiveCfg = Debug|Any CPU
		{3ABA6EB9-6AFE-4781-ABF4-C86C1A48CDE6}.Debug|iPhoneSimulator.Build.0 = Debug|Any CPU
		{3ABA6EB9-6AFE-4781-ABF4-C86C1A48CDE6}.Release|iPhoneSimulator.ActiveCfg = Release|Any CPU
		{3ABA6EB9-6AFE-4781-ABF4-C86C1A48CDE6}.Release|iPhoneSimulator.Build.0 = Release|Any CPU
		{3ABA6EB9-6AFE-4781-ABF4-C86C1A48CDE6}.Debug|iPhone.ActiveCfg = Debug|Any CPU
		{3ABA6EB9-6AFE-4781-ABF4-C86C1A48CDE6}.Debug|iPhone.Build.0 = Debug|Any CPU
		{3ABA6EB9-6AFE-4781-ABF4-C86C1A48CDE6}.Release|iPhone.ActiveCfg = Release|Any CPU
		{3ABA6EB9-6AFE-4781-ABF4-C86C1A48CDE6}.Release|iPhone.Build.0 = Release|Any CPU
	EndGlobalSection
	GlobalSection(SolutionProperties) = preSolution
		HideSolutionNode = FALSE
	EndGlobalSection
	GlobalSection(ExtensibilityGlobals) = postSolution
		SolutionGuid = {6CB98CEA-B20D-47B2-9298-4BF4A2BCFEAC}
	EndGlobalSection
EndGlobal
